{
    "_meta": {
        "hash": {
            "sha256": "da453c98d166a75977adbdc0e9f032ff78c9c0411bb62c757d4a8061effc1efb"
        },
        "host-environment-markers": {
            "implementation_name": "cpython",
            "implementation_version": "3.6.4",
            "os_name": "posix",
            "platform_machine": "x86_64",
            "platform_python_implementation": "CPython",
            "platform_release": "4.15.5-1-ARCH",
            "platform_system": "Linux",
            "platform_version": "#1 SMP PREEMPT Thu Feb 22 22:15:20 UTC 2018",
            "python_full_version": "3.6.4",
            "python_version": "3.6",
            "sys_platform": "linux"
        },
        "pipfile-spec": 6,
        "requires": {
            "python_version": "3.6"
        },
        "sources": [
            {
                "name": "pypi",
                "url": "https://pypi.python.org/simple",
                "verify_ssl": true
            }
        ]
    },
    "default": {
        "alembic": {
            "hashes": [
                "sha256:13b8611788acf0d7b617775db5c2ae26554a6d4263c590ef628d448fd05aef56"
            ],
            "version": "==0.9.8"
        },
        "banal": {
            "hashes": [
                "sha256:63d979b8b63458dd538f10aca4ea5292b94729f60a08ad6b41b8129a9a9f716a",
                "sha256:e74bba1d96ea17af109db973c5248c1706f992550c7ee09d1660dad8062121f7"
            ],
            "version": "==0.3.3"
        },
        "beautifulsoup4": {
            "hashes": [
                "sha256:7015e76bf32f1f574636c4288399a6de66ce08fb7b2457f628a8d70c0fbabb11",
                "sha256:11a9a27b7d3bddc6d86f59fb76afb70e921a25ac2d6cc55b40d072bd68435a76",
                "sha256:808b6ac932dccb0a4126558f7dfdcf41710dd44a4ef497a0bb59a77f9f078e89"
            ],
            "version": "==4.6.0"
        },
        "bs4": {
            "hashes": [
                "sha256:36ecea1fd7cc5c0c6e4a1ff075df26d50da647b75376626cc186e2212886dd3a"
            ],
            "version": "==0.0.1"
        },
        "certifi": {
            "hashes": [
                "sha256:14131608ad2fd56836d33a71ee60fa1c82bc9d2c8d98b7bdbc631fe1b3cd1296",
                "sha256:edbc3f203427eef571f79a7692bb160a2b0f7ccaa31953e99bd17e307cf63f7d"
            ],
            "version": "==2018.1.18"
        },
        "chardet": {
            "hashes": [
                "sha256:fc323ffcaeaed0e0a02bf4d117757b98aed530d9ed4531e3e15460124c106691",
                "sha256:84ab92ed1c4d4f16916e05906b6b75a6c0fb5db821cc65e70cbd64a3e2a5eaae"
            ],
            "version": "==3.0.4"
        },
        "dataset": {
            "hashes": [
                "sha256:7ecf57562927452f369ee476160bc55b04da30aab112e379d9beab8cfbdc0e54",
                "sha256:e4aecd277f8675bbc2cd4ee9497d77375de2503ebaf040e3e1ebc8f1d54a97b4"
            ],
            "version": "==0.8.0"
        },
        "future": {
            "hashes": [
                "sha256:e39ced1ab767b5936646cedba8bcce582398233d6a627067d4c6a454c90cfedb"
            ],
            "version": "==0.16.0"
        },
        "lxml": {
            "hashes": [
                "sha256:bd9f07e9aef9ff12f3a07d0a084001e983f4c32ea5b1143e1804762a58d22271",
                "sha256:3ae6d795aaef0d724e533e0383fe8877e6a25f8b22b3d61dd06b53ce12186165",
                "sha256:e54ca8cdd70079e7a3e2c061ef3703b2a43159462c1dbd17c11f3ea1fb3601e7",
                "sha256:93081f9c87fa520447a191152c7d89cf687c5c8e6fef06493ba809e3196ca35e",
                "sha256:54325c7eae22211c0a577b2ca4f10f47b4d352aaff468909209af543a57eb08e",
                "sha256:372de0c373710c3114b10b20580d880b2e0b71f045092278a63aa15412336a7f",
                "sha256:d1cb088a961cf093b73c7b9460fa43a3afff385c1f1bc306fc3b8819819c2d24",
                "sha256:dda7051dad02da2f36be48d68ca500d31fcd8c8fce3986183d48b02637f2f985",
                "sha256:5d5d46ff5465241e6100f0a023e8afcbd75119f598e94c444246bb7f4cbd23f6",
                "sha256:163aefc42424c5ce3a3f9a021d8362445142ab51d4b34face30c9db6c6054687",
                "sha256:13e5a6373168ffad39facbba98d35a8bdbc6248dbaa61c9c9470c39906c1b8f1",
                "sha256:50bd89e62f730614beb7ac85c78d948c470a1bfff4728ff67a178fda7e3c5192",
                "sha256:1a55955329cc8a406458a7eb112c78290c9bc7e2311750ac1d70314a10246a15",
                "sha256:2e779d9da6a3f4f8cd75bb31b5aef9bfdf5dcd415847c4eca8891847108861bc",
                "sha256:202a22be99423d269ff11dec7cdf23b6262b3da17854336d4741699c53ca7ea9",
                "sha256:5c4ad32804abf0d872776f44bf4e4a5181ed37b3de77a87f6d7b2a1d42620cbd",
                "sha256:13ec5a016e588b2e0ec2c46e0091b1b639b0eb6e428c108f0695f2bff1bafae8",
                "sha256:420e91c29fb6c3f920a4d7b74864721f57cfc5ebe4bef980a2de268de3805f10",
                "sha256:ef4945f9c9e32e68669109e2b009becc71f3ca57b9de79b604b820ca8de2b85c",
                "sha256:872c9f47d523489e3fa4a933610bc9fa5fa434a75d9d26dc01df4b433f2f8b98",
                "sha256:a61a7a4286d8fc450a32a148fced8d3ac71fa55afd922a4043e13cb86eb6d797",
                "sha256:52c4bf8871a1e91958a0cb9ec30dbc268298efd0e59660ceebc8277d61b36be2",
                "sha256:9e32fb013ff5b7bd06b1899fe027d46d5b4b2e684ff9159146841bfaaa6b3866",
                "sha256:79226dd2b9fbd63f1b8739b6823bd95b81d502043fd0b81ff8925d55b22f0154",
                "sha256:0da0a0711b8aa3161cf263ced74f736990952e44f1d0183c5248f16a1dc1f133",
                "sha256:5c321ab3b310f0342f5369be7279fcfc0366eb8c8b47bd8fa31b1a3c063b6586",
                "sha256:b3d66246c9b41e495ca02a7c33f6ca415febd06e1e9e1cc5842592881c327987",
                "sha256:9374c9399c1d8479b2b93295abf5997ebaa6d9c5e21a3dc03d1c18b61247cfae",
                "sha256:548ed7232a56b2ab7df3330de8a283bf937d4878dd4ddb57068849f06cb15a2c",
                "sha256:e66a62e84cdea052a17a5e2a896cd79a9a53ec570681f3bc32d012863e02acb0",
                "sha256:736f72be15caad8116891eb6aa4a078b590d231fdc63818c40c21624ac71db96",
                "sha256:ce0cfb8fb7fc1a06c457184df12736687e24a31198058e33d300ece7811602d5",
                "sha256:abdf1911c23dd94dad0095b566e91e5b01d017a0288f5ebdebe1c120bdcb28a0",
                "sha256:f54429d14fe7f4a54db9217bd35641163a58efda72b656793daed601db2bf5f0",
                "sha256:7631fcd0c2db922d4add8193da3a4846d6e305219942ff9ea89d6e701fb8de38",
                "sha256:b1f4b7473d97fbb1b6efe24a8cdd9e37a6d28cd7d8524ea62f782bebe6c25f33",
                "sha256:63b8e868742df9b9987fa86b12a525e0cf672fc8c15dd860fa51c4a00d07c7e0",
                "sha256:14e4dedfd4f0bb0fbb79c1df7b61cf8fcb236f208ee9a3d6ffa83bab1862bb72",
                "sha256:66157afa19e185beb9840117a3227c91168b46a8d72621bef055aa62a8c2b771"
            ],
            "version": "==3.8.0"
        },
        "mako": {
            "hashes": [
                "sha256:4e02fde57bd4abb5ec400181e4c314f56ac3e49ba4fb8b0d50bba18cb27d25ae"
            ],
            "version": "==1.0.7"
        },
        "markupsafe": {
            "hashes": [
                "sha256:a6be69091dac236ea9c6bc7d012beab42010fa914c459791d627dad4910eb665"
            ],
            "version": "==1.0"
        },
        "normality": {
            "hashes": [
                "sha256:e7643d351085e0311bfdb159c80ed8a1ea98b8ce484a3194e3a64ec372bd40c1",
                "sha256:6520d6b1292244fd3200503dff27ccd9d34b2da88a7affced9ed6878acc6f51c"
            ],
            "version": "==0.5.11"
        },
        "python-dateutil": {
            "hashes": [
                "sha256:95511bae634d69bc7329ba55e646499a842bc4ec342ad54a8cdb65645a0aad3c",
                "sha256:891c38b2a02f5bb1be3e4793866c8df49c7d19baabf9c1bad62547e0b4866aca"
            ],
            "version": "==2.6.1"
        },
        "python-editor": {
            "hashes": [
                "sha256:a3c066acee22a1c94f63938341d4fb374e3fdd69366ed6603d7b24bed1efc565"
            ],
            "version": "==1.0.3"
        },
        "python-telegram-bot": {
            "hashes": [
                "sha256:0aa1541790c4c6d08ecf34ccead1c8c68fdfa1b767000ae63fdad05d34cccd59",
                "sha256:1048a8430c96d7c435efddddb054d0318bfdc8a324489a2be5ba5bf13ce75ce2"
            ],
            "version": "==5.3.0"
        },
        "pytz": {
            "hashes": [
                "sha256:3abe6a6d3fc2fbbe4c60144211f45da2edbe3182a6f6511af6bbba0598b1f992",
                "sha256:939ef9c1e1224d980405689a97ffcf7828c56d1517b31d73464356c1f2b7769e",
                "sha256:ead4aefa7007249e05e51b01095719d5a8dd95760089f5730aac5698b1932918",
                "sha256:3cca0df08bd0ed98432390494ce3ded003f5e661aa460be7a734bffe35983605",
                "sha256:3ede470d3d17ba3c07638dfa0d10452bc1b6e5ad326127a65ba77e6aaeb11bec",
                "sha256:68c47964f7186eec306b13629627722b9079cd4447ed9e5ecaecd4eac84ca734",
                "sha256:dd5d3991950aae40a6c81de1578942e73d629808cefc51d12cd157980e6cfc18",
                "sha256:a77c52062c07eb7c7b30545dbc73e32995b7e117eea750317b5cb5c7a4618f14",
                "sha256:81af9aec4bc960a9a0127c488f18772dae4634689233f06f65443e7b11ebeb51",
                "sha256:e079b1dadc5c06246cc1bb6fe1b23a50b1d1173f2edd5104efd40bb73a28f406",
                "sha256:fbd26746772c24cb93c8b97cbdad5cb9e46c86bbdb1b9d8a743ee00e2fb1fc5d",
                "sha256:99266ef30a37e43932deec2b7ca73e83c8dbc3b9ff703ec73eca6b1dae6befea",
                "sha256:8b6ce1c993909783bc96e0b4f34ea223bff7a4df2c90bdb9c4e0f1ac928689e3"
            ],
            "version": "==2015.7"
        },
        "pyyaml": {
            "hashes": [
                "sha256:3262c96a1ca437e7e4763e2843746588a965426550f3797a79fca9c6199c431f",
                "sha256:16b20e970597e051997d90dc2cddc713a2876c47e3d92d59ee198700c5427736",
                "sha256:e863072cdf4c72eebf179342c94e6989c67185842d9997960b3e69290b2fa269",
                "sha256:bc6bced57f826ca7cb5125a10b23fd0f2fff3b7c4701d64c439a300ce665fff8",
                "sha256:c01b880ec30b5a6e6aa67b09a2fe3fb30473008c85cd6a67359a1b15ed6d83a4",
                "sha256:827dc04b8fa7d07c44de11fabbc888e627fa8293b695e0f99cb544fdfa1bf0d1",
                "sha256:592766c6303207a20efc445587778322d7f73b161bd994f227adaa341ba212ab",
                "sha256:5f84523c076ad14ff5e6c037fe1c89a7f73a3e04cf0377cb4d017014976433f3",
                "sha256:0c507b7f74b3d2dd4d1322ec8a94794927305ab4cebbe89cc47fe5e81541e6e8",
                "sha256:b4c423ab23291d3945ac61346feeb9a0dc4184999ede5e7c43e1ffb975130ae6",
                "sha256:ca233c64c6e40eaa6c66ef97058cdc80e8d0157a443655baa1b2966e812807ca",
                "sha256:4474f8ea030b5127225b8894d626bb66c01cda098d47a2b0d3429b6700af9fd8",
                "sha256:326420cbb492172dec84b0f65c80942de6cedb5233c413dd824483989c000608",
                "sha256:5ac82e411044fb129bae5cfbeb3ba626acb2af31a8d17d175004b70862a741a7"
            ],
            "version": "==3.12"
        },
        "requests": {
            "hashes": [
                "sha256:113fbba5531a9e34945b7d36b33a084e8ba5d0664b703c81a7c572d91919a5b8",
                "sha256:c577815dd00f1394203fc44eb979724b098f88264a9ef898ee45b8e5e9cf587f"
            ],
            "version": "==2.9.1"
        },
        "six": {
            "hashes": [
                "sha256:832dc0e10feb1aa2c68dcc57dbb658f1c7e65b9b61af69048abc87a2db00a0eb",
                "sha256:70e8a77beed4562e7f14fe23a786b54f6296e34344c23bc42f07b15018ff98e9"
            ],
            "version": "==1.11.0"
        },
        "sqlalchemy": {
            "hashes": [
                "sha256:6997507af46b10630e13b605ac278b78885fd683d038896dbee0e7ec41d809d2"
            ],
            "version": "==1.2.4"
        },
        "urllib3": {
            "hashes": [
                "sha256:06330f386d6e4b195fbfc736b297f58c5a892e4440e54d294d7004e3a9bbea1b",
                "sha256:cc44da8e1145637334317feebd728bd869a35285b93cbb4cca2577da7e62db4f"
            ],
            "version": "==1.22"
        }
    },
    "develop": {}
}
