[[package]]
category = "main"
description = "A database migration tool for SQLAlchemy."
name = "alembic"
optional = false
python-versions = ">=2.7, !=3.0.*, !=3.1.*, !=3.2.*, !=3.3.*"
version = "1.0.8"

[package.dependencies]
Mako = "*"
SQLAlchemy = ">=0.9.0"
python-dateutil = "*"
python-editor = ">=0.3"

[[package]]
category = "main"
description = "Commons of banal micro-functions for Python."
name = "banal"
optional = false
python-versions = "*"
version = "0.4.2"

[package.dependencies]
six = "*"

[[package]]
category = "main"
description = "Screen-scraping library"
name = "beautifulsoup4"
optional = false
python-versions = "*"
version = "4.7.1"

[package.dependencies]
soupsieve = ">=1.2"

[[package]]
category = "main"
description = "Dummy package for Beautiful Soup"
name = "bs4"
optional = false
python-versions = "*"
version = "0.0.1"

[package.dependencies]
beautifulsoup4 = "*"

[[package]]
category = "main"
description = "Python package for providing Mozilla's CA Bundle."
name = "certifi"
optional = false
python-versions = "*"
version = "2019.3.9"

[[package]]
category = "main"
description = "Universal encoding detector for Python 2 and 3"
name = "chardet"
optional = false
python-versions = "*"
version = "3.0.4"

[[package]]
category = "main"
description = "Toolkit for Python-based database access."
name = "dataset"
optional = false
python-versions = "*"
version = "1.0.6"

[package.dependencies]
alembic = ">=0.6.2"
normality = ">=0.5.1"
six = ">=1.11.0"
sqlalchemy = ">=1.1.0"

[[package]]
category = "main"
description = "Clean single-source support for Python 3 and 2"
name = "future"
optional = false
python-versions = ">=2.6, !=3.0.*, !=3.1.*, !=3.2.*"
version = "0.17.1"

[[package]]
category = "main"
description = "Internationalized Domain Names in Applications (IDNA)"
name = "idna"
optional = false
python-versions = ">=2.7, !=3.0.*, !=3.1.*, !=3.2.*, !=3.3.*"
version = "2.8"

[[package]]
category = "main"
description = ""
name = "libru"
optional = false
python-versions = "*"
version = "0.1.2"

[package.dependencies]
bs4 = "*"
lxml = "*"
pytz = "*"
requests = "*"

[[package]]
category = "main"
description = "Powerful and Pythonic XML processing library combining libxml2/libxslt with the ElementTree API."
name = "lxml"
optional = false
python-versions = "*"
version = "4.3.2"

[[package]]
category = "main"
description = "A super-fast templating language that borrows the  best ideas from the existing templating languages."
name = "mako"
optional = false
python-versions = "*"
version = "1.0.7"

[package.dependencies]
MarkupSafe = ">=0.9.2"

[[package]]
category = "main"
description = "Safely add untrusted strings to HTML/XML markup."
name = "markupsafe"
optional = false
python-versions = ">=2.7,!=3.0.*,!=3.1.*,!=3.2.*,!=3.3.*"
version = "1.1.1"

[[package]]
category = "main"
description = "Micro-library to normalize text strings"
name = "normality"
optional = false
python-versions = "*"
version = "0.6.1"

[package.dependencies]
banal = "*"
chardet = "*"
six = ">=1.11.0"

[[package]]
category = "main"
description = "psycopg2 - Python-PostgreSQL Database Adapter"
name = "psycopg2-binary"
optional = false
python-versions = "*"
version = "2.7.7"

[[package]]
category = "main"
description = "Extensions to the standard Python datetime module"
name = "python-dateutil"
optional = false
python-versions = ">=2.7, !=3.0.*, !=3.1.*, !=3.2.*"
version = "2.8.0"

[package.dependencies]
six = ">=1.5"

[[package]]
category = "main"
description = "Programmatically open an editor, capture the result."
name = "python-editor"
optional = false
python-versions = "*"
version = "1.0.4"

[[package]]
category = "main"
description = "We have made you a wrapper you can't refuse"
name = "python-telegram-bot"
optional = false
python-versions = "*"
version = "10.1.0"

[package.dependencies]
certifi = "*"
future = ">=0.16.0"

[[package]]
category = "main"
description = "World timezone definitions, modern and historical"
name = "pytz"
optional = false
python-versions = "*"
version = "2018.9"

[[package]]
category = "main"
description = "Python HTTP for Humans."
name = "requests"
optional = false
python-versions = ">=2.7, !=3.0.*, !=3.1.*, !=3.2.*, !=3.3.*"
version = "2.21.0"

[package.dependencies]
certifi = ">=2017.4.17"
chardet = ">=3.0.2,<3.1.0"
idna = ">=2.5,<2.9"
urllib3 = ">=1.21.1,<1.25"

[[package]]
category = "main"
description = "Python 2 and 3 compatibility utilities"
name = "six"
optional = false
python-versions = ">=2.6, !=3.0.*, !=3.1.*"
version = "1.12.0"

[[package]]
category = "main"
description = "A CSS4 selector implementation for Beautiful Soup."
name = "soupsieve"
optional = false
python-versions = "*"
version = "1.8"

[[package]]
category = "main"
description = "Database Abstraction Library"
name = "sqlalchemy"
optional = false
python-versions = ">=2.7, !=3.0.*, !=3.1.*, !=3.2.*, !=3.3.*"
version = "1.3.1"

[[package]]
category = "main"
description = "HTTP library with thread-safe connection pooling, file post, and more."
name = "urllib3"
optional = false
python-versions = ">=2.7, !=3.0.*, !=3.1.*, !=3.2.*, !=3.3.*, <4"
version = "1.24.1"

[metadata]
content-hash = "57404e758c7d8e99883deea64fd3aaf620f72b08f784cfdb694303caec336128"
python-versions = "^3.7"

[metadata.hashes]
alembic = ["505d41e01dc0c9e6d85c116d0d35dbb0a833dcb490bf483b75abeb06648864e8"]
banal = ["1a9aaa9f3925f2e7a8aba8cd55dccba9163cbec89fa324d6326313bcc138c221", "491947e79c4c4b1e710a97f7e3885d4fd4e23b1f4fa1da022965fd63116beed7"]
beautifulsoup4 = ["034740f6cb549b4e932ae1ab975581e6103ac8f942200a0e9759065984391858", "945065979fb8529dd2f37dbb58f00b661bdbcbebf954f93b32fdf5263ef35348", "ba6d5c59906a85ac23dadfe5c88deaf3e179ef565f4898671253e50a78680718"]
bs4 = ["36ecea1fd7cc5c0c6e4a1ff075df26d50da647b75376626cc186e2212886dd3a"]
certifi = ["59b7658e26ca9c7339e00f8f4636cdfe59d34fa37b9b04f6f9e9926b3cece1a5", "b26104d6835d1f5e49452a26eb2ff87fe7090b89dfcaee5ea2212697e1e1d7ae"]
chardet = ["84ab92ed1c4d4f16916e05906b6b75a6c0fb5db821cc65e70cbd64a3e2a5eaae", "fc323ffcaeaed0e0a02bf4d117757b98aed530d9ed4531e3e15460124c106691"]
dataset = ["2622de9debb953f4a7f92e7f238d91242195f6218d1998d1541ef6ec7266b731", "a7d42312830a6977f2726ee900fe9c8d2f920f7d499a30afed6526a1e6c736c2"]
future = ["67045236dcfd6816dc439556d009594abf643e5eb48992e36beac09c2ca659b8"]
idna = ["c357b3f628cf53ae2c4c05627ecc484553142ca23264e593d327bcde5e9c3407", "ea8b7f6188e6fa117537c3df7da9fc686d485087abf6ac197f9c46432f7e4a3c"]
libru = ["1f5a6ca56880ac487df7b4ab3d2da7921e3f3323350adfaa084dc832662eec03", "d2bf0eadb6be10c114801f860e91d1335169a10d75d6a3185b9efe59d9b2c761"]
lxml = ["0358b9e9642bc7d39aac5cffe9884a99a5ca68e5e2c1b89e570ed60da9139908", "091a359c4dafebbecd3959d9013f1b896b5371859165e4e50b01607a98d9e3e2", "1998e4e60603c64bcc35af61b4331ab3af087457900d3980e18d190e17c3a697", "2000b4088dee9a41f459fddaf6609bba48a435ce6374bb254c5ccdaa8928c5ba", "2afb0064780d8aaf165875be5898c1866766e56175714fa5f9d055433e92d41d", "2d8f1d9334a4e3ff176d096c14ded3100547d73440683567d85b8842a53180bb", "2e38db22f6a3199fd63675e1b4bd795d676d906869047398f29f38ca55cb453a", "3181f84649c1a1ca62b19ddf28436b1b2cb05ae6c7d2628f33872e713994c364", "37462170dfd88af8431d04de6b236e6e9c06cda71e2ca26d88ef2332fd2a5237", "3a9d8521c89bf6f2a929c3d12ad3ad7392c774c327ea809fd08a13be6b3bc05f", "3d0bbd2e1a28b4429f24fd63a122a450ce9edb7a8063d070790092d7343a1aa4", "483d60585ce3ee71929cea70949059f83850fa5e12deb9c094ed1c8c2ec73cbd", "4888be27d5cba55ce94209baef5bcd7bbd7314a3d17021a5fc10000b3a5f737d", "64b0d62e4209170a2a0c404c446ab83b941a0003e96604d2e4f4cb735f8a2254", "68010900898fdf139ac08549c4dba8206c584070a960ffc530aebf0c6f2794ef", "872ecb066de602a0099db98bd9e57f4cfc1d62f6093d94460c787737aa08f39e", "88a32b03f2e4cd0e63f154cac76724709f40b3fc2f30139eb5d6f900521b44ed", "b1dc7683da4e67ab2bebf266afa68098d681ae02ce570f0d1117312273d2b2ac", "b29e27ce9371810250cb1528a771d047a9c7b0f79630dc7dc5815ff828f4273b", "ce197559596370d985f1ce6b7051b52126849d8159040293bf8b98cb2b3e1f78", "d45cf6daaf22584eff2175f48f82c4aa24d8e72a44913c5aff801819bb73d11f", "e2ff9496322b2ce947ba4a7a5eb048158de9d6f3fe9efce29f1e8dd6878561e6", "f7b979518ec1f294a41a707c007d54d0f3b3e1fd15d5b26b7e99b62b10d9a72e", "f9c7268e9d16e34e50f8246c4f24cf7353764affd2bc971f0379514c246e3f6b", "f9c839806089d79de588ee1dde2dae05dc1156d3355dfeb2b51fde84d9c960ad", "ff962953e2389226adc4d355e34a98b0b800984399153c6678f2367b11b4d4b8"]
mako = ["4e02fde57bd4abb5ec400181e4c314f56ac3e49ba4fb8b0d50bba18cb27d25ae"]
markupsafe = ["00bc623926325b26bb9605ae9eae8a215691f33cae5df11ca5424f06f2d1f473", "09027a7803a62ca78792ad89403b1b7a73a01c8cb65909cd876f7fcebd79b161", "09c4b7f37d6c648cb13f9230d847adf22f8171b1ccc4d5682398e77f40309235", "1027c282dad077d0bae18be6794e6b6b8c91d58ed8a8d89a89d59693b9131db5", "24982cc2533820871eba85ba648cd53d8623687ff11cbb805be4ff7b4c971aff", "29872e92839765e546828bb7754a68c418d927cd064fd4708fab9fe9c8bb116b", "43a55c2930bbc139570ac2452adf3d70cdbb3cfe5912c71cdce1c2c6bbd9c5d1", "46c99d2de99945ec5cb54f23c8cd5689f6d7177305ebff350a58ce5f8de1669e", "500d4957e52ddc3351cabf489e79c91c17f6e0899158447047588650b5e69183", "535f6fc4d397c1563d08b88e485c3496cf5784e927af890fb3c3aac7f933ec66", "62fe6c95e3ec8a7fad637b7f3d372c15ec1caa01ab47926cfdf7a75b40e0eac1", "6dd73240d2af64df90aa7c4e7481e23825ea70af4b4922f8ede5b9e35f78a3b1", "717ba8fe3ae9cc0006d7c451f0bb265ee07739daf76355d06366154ee68d221e", "79855e1c5b8da654cf486b830bd42c06e8780cea587384cf6545b7d9ac013a0b", "7c1699dfe0cf8ff607dbdcc1e9b9af1755371f92a68f706051cc8c37d447c905", "88e5fcfb52ee7b911e8bb6d6aa2fd21fbecc674eadd44118a9cc3863f938e735", "8defac2f2ccd6805ebf65f5eeb132adcf2ab57aa11fdf4c0dd5169a004710e7d", "98c7086708b163d425c67c7a91bad6e466bb99d797aa64f965e9d25c12111a5e", "9add70b36c5666a2ed02b43b335fe19002ee5235efd4b8a89bfcf9005bebac0d", "9bf40443012702a1d2070043cb6291650a0841ece432556f784f004937f0f32c", "ade5e387d2ad0d7ebf59146cc00c8044acbd863725f887353a10df825fc8ae21", "b00c1de48212e4cc9603895652c5c410df699856a2853135b3967591e4beebc2", "b1282f8c00509d99fef04d8ba936b156d419be841854fe901d8ae224c59f0be5", "b2051432115498d3562c084a49bba65d97cf251f5a331c64a12ee7e04dacc51b", "ba59edeaa2fc6114428f1637ffff42da1e311e29382d81b339c1817d37ec93c6", "c8716a48d94b06bb3b2524c2b77e055fb313aeb4ea620c8dd03a105574ba704f", "cd5df75523866410809ca100dc9681e301e3c27567cf498077e8551b6d20e42f", "e249096428b3ae81b08327a63a485ad0878de3fb939049038579ac0ef61e17e7"]
normality = ["11b6e06ad1d4c8edefb5dca64893777d6cbc79ae81189d52d488df01a3bfc415", "739c1b40cfaefabdf537972f0284df5ce0ddb371f9475b764f478cb25bc1c4be"]
psycopg2-binary = ["19a2d1f3567b30f6c2bb3baea23f74f69d51f0c06c2e2082d0d9c28b0733a4c2", "2b69cf4b0fa2716fd977aa4e1fd39af6110eb47b2bb30b4e5a469d8fbecfc102", "2e952fa17ba48cbc2dc063ddeec37d7dc4ea0ef7db0ac1eda8906365a8543f31", "348b49dd737ff74cfb5e663e18cb069b44c64f77ec0523b5794efafbfa7df0b8", "3d72a5fdc5f00ca85160915eb9a973cf9a0ab8148f6eda40708bf672c55ac1d1", "4957452f7868f43f32c090dadb4188e9c74a4687323c87a882e943c2bd4780c3", "5138cec2ee1e53a671e11cc519505eb08aaaaf390c508f25b09605763d48de4b", "587098ca4fc46c95736459d171102336af12f0d415b3b865972a79c03f06259f", "5b79368bcdb1da4a05f931b62760bea0955ee2c81531d8e84625df2defd3f709", "5cf43807392247d9bc99737160da32d3fa619e0bfd85ba24d1c78db205f472a4", "676d1a80b1eebc0cacae8dd09b2fde24213173bf65650d22b038c5ed4039f392", "6b0211ecda389101a7d1d3df2eba0cf7ffbdd2480ca6f1d2257c7bd739e84110", "79cde4660de6f0bb523c229763bd8ad9a93ac6760b72c369cf1213955c430934", "7aba9786ac32c2a6d5fb446002ed936b47d5e1f10c466ef7e48f66eb9f9ebe3b", "7c8159352244e11bdd422226aa17651110b600d175220c451a9acf795e7414e0", "945f2eedf4fc6b2432697eb90bb98cc467de5147869e57405bfc31fa0b824741", "96b4e902cde37a7fc6ab306b3ac089a3949e6ce3d824eeca5b19dc0bedb9f6e2", "9a7bccb1212e63f309eb9fab47b6eaef796f59850f169a25695b248ca1bf681b", "a3bfcac727538ec11af304b5eccadbac952d4cca1a551a29b8fe554e3ad535dc", "b19e9f1b85c5d6136f5a0549abdc55dcbd63aba18b4f10d0d063eb65ef2c68b4", "b664011bb14ca1f2287c17185e222f2098f7b4c857961dbcf9badb28786dbbf4", "bde7959ef012b628868d69c474ec4920252656d0800835ed999ba5e4f57e3e2e", "cb095a0657d792c8de9f7c9a0452385a309dfb1bbbb3357d6b1e216353ade6ca", "d16d42a1b9772152c1fe606f679b2316551f7e1a1ce273e7f808e82a136cdb3d", "d444b1545430ffc1e7a24ce5a9be122ccd3b135a7b7e695c5862c5aff0b11159", "d93ccc7bf409ec0a23f2ac70977507e0b8a8d8c54e5ee46109af2f0ec9e411f3", "df6444f952ca849016902662e1a47abf4fa0678d75f92fd9dd27f20525f809cd", "e63850d8c52ba2b502662bf3c02603175c2397a9acc756090e444ce49508d41e", "ec43358c105794bc2b6fd34c68d27f92bea7102393c01889e93f4b6a70975728", "f4c6926d9c03dadce7a3b378b40d2fea912c1344ef9b29869f984fb3d2a2420b"]
python-dateutil = ["7e6584c74aeed623791615e26efd690f29817a27c73085b78e4bad02493df2fb", "c89805f6f4d64db21ed966fda138f8a5ed7a4fdbc1a8ee329ce1b74e3c74da9e"]
python-editor = ["1bf6e860a8ad52a14c3ee1252d5dc25b2030618ed80c022598f00176adc8367d", "51fda6bcc5ddbbb7063b2af7509e43bd84bfc32a4ff71349ec7847713882327b", "5f98b069316ea1c2ed3f67e7f5df6c0d8f10b689964a4a811ff64f0106819ec8", "c3da2053dbab6b29c94e43c486ff67206eafbe7eb52dbec7390b5e2fb05aac77", "ea87e17f6ec459e780e4221f295411462e0d0810858e055fc514684350a2f522"]
python-telegram-bot = ["725a28f77a04d056559015963a21eacf5d2d1f1722192237284828b7cc437465", "ca2f8a44ddef7271477e16f4986647fa90ef4df5b55a7953e53b9c9d2672f639"]
pytz = ["32b0891edff07e28efe91284ed9c31e123d84bea3fd98e1f72be2508f43ef8d9", "d5f05e487007e29e03409f9398d074e158d920d36eb82eaf66fb1136b0c5374c"]
requests = ["502a824f31acdacb3a35b6690b5fbf0bc41d63a24a45c4004352b0242707598e", "7bf2a778576d825600030a110f3c0e3e8edc51dfaafe1c146e39a2027784957b"]
six = ["3350809f0555b11f552448330d0b52d5f24c91a322ea4a15ef22629740f3761c", "d16a0141ec1a18405cd4ce8b4613101da75da0e9a7aec5bdd4fa804d0e0eba73"]
soupsieve = ["afa56bf14907bb09403e5d15fbed6275caa4174d36b975226e3b67a3bb6e2c4b", "eaed742b48b1f3e2d45ba6f79401b2ed5dc33b2123dfe216adb90d4bfa0ade26"]
sqlalchemy = ["781fb7b9d194ed3fc596b8f0dd4623ff160e3e825dd8c15472376a438c19598b"]
urllib3 = ["61bf29cada3fc2fbefad4fdf059ea4bd1b4a86d2b6d15e1c7c0b582b9752fe39", "de9529817c93f27c8ccbfead6985011db27bd0ddfcdb2d86f3f663385c6a9c22"]
